// !$*UTF8*$!
{
	archiveVersion = 1;
	classes = {
	};
	objectVersion = 46;
	objects = {

/* Begin PBXBuildFile section */
		8222610D1AE0A2A80066DE17 /* BlockSelectViewController.swift in Sources */ = {isa = PBXBuildFile; fileRef = 8222610C1AE0A2A80066DE17 /* BlockSelectViewController.swift */; };
		8222610F1AE1DEAE0066DE17 /* Global.swift in Sources */ = {isa = PBXBuildFile; fileRef = 8222610E1AE1DEAE0066DE17 /* Global.swift */; };
		823EE5F11AD8ABAA00DDC338 /* Scheme.swift in Sources */ = {isa = PBXBuildFile; fileRef = 823EE5F01AD8ABAA00DDC338 /* Scheme.swift */; };
		823EE5F31AD8C36900DDC338 /* SchemeCollectionViewController.swift in Sources */ = {isa = PBXBuildFile; fileRef = 823EE5F21AD8C36900DDC338 /* SchemeCollectionViewController.swift */; };
		8241C2E91AE4AAD200670527 /* DatabaseProtocol.swift in Sources */ = {isa = PBXBuildFile; fileRef = 8241C2E81AE4AAD200670527 /* DatabaseProtocol.swift */; };
		82455F571ACBA1F500973B40 /* AppDelegate.swift in Sources */ = {isa = PBXBuildFile; fileRef = 82455F561ACBA1F500973B40 /* AppDelegate.swift */; };
		82455F591ACBA1F500973B40 /* ViewController.swift in Sources */ = {isa = PBXBuildFile; fileRef = 82455F581ACBA1F500973B40 /* ViewController.swift */; };
		82455F5E1ACBA1F600973B40 /* Images.xcassets in Resources */ = {isa = PBXBuildFile; fileRef = 82455F5D1ACBA1F600973B40 /* Images.xcassets */; };
		82455F611ACBA1F600973B40 /* LaunchScreen.xib in Resources */ = {isa = PBXBuildFile; fileRef = 82455F5F1ACBA1F600973B40 /* LaunchScreen.xib */; };
		82455F6D1ACBA1F600973B40 /* QuiltTests.swift in Sources */ = {isa = PBXBuildFile; fileRef = 82455F6C1ACBA1F600973B40 /* QuiltTests.swift */; };
		82455F7B1ACBB97A00973B40 /* QuiltCollectionViewCell.swift in Sources */ = {isa = PBXBuildFile; fileRef = 82455F7A1ACBB97A00973B40 /* QuiltCollectionViewCell.swift */; };
		82455F7D1ACBBAC600973B40 /* CollectionViewFlowLayout.swift in Sources */ = {isa = PBXBuildFile; fileRef = 82455F7C1ACBBAC600973B40 /* CollectionViewFlowLayout.swift */; };
		825353C41ACE47EC00FEE2D9 /* blocks in Resources */ = {isa = PBXBuildFile; fileRef = 825353C31ACE47EC00FEE2D9 /* blocks */; };
		825353C61ACE500800FEE2D9 /* Quilt.swift in Sources */ = {isa = PBXBuildFile; fileRef = 825353C51ACE500800FEE2D9 /* Quilt.swift */; };
		825353C81ACE501400FEE2D9 /* Block.swift in Sources */ = {isa = PBXBuildFile; fileRef = 825353C71ACE501400FEE2D9 /* Block.swift */; };
		825353CA1ACE502100FEE2D9 /* Fabric.swift in Sources */ = {isa = PBXBuildFile; fileRef = 825353C91ACE502100FEE2D9 /* Fabric.swift */; };
		82544D341AD4CB4A00CCA4B2 /* QuiltBlock.swift in Sources */ = {isa = PBXBuildFile; fileRef = 82544D331AD4CB4A00CCA4B2 /* QuiltBlock.swift */; };
		82544D391AD4E05100CCA4B2 /* LoadViewController.swift in Sources */ = {isa = PBXBuildFile; fileRef = 82544D381AD4E05100CCA4B2 /* LoadViewController.swift */; };
		82C381091AD36CF500B85B39 /* CouchbaseLite.framework in Frameworks */ = {isa = PBXBuildFile; fileRef = 82C381081AD36CF500B85B39 /* CouchbaseLite.framework */; };
		82C3810C1AD36D7A00B85B39 /* CFNetwork.framework in Frameworks */ = {isa = PBXBuildFile; fileRef = 82C3810B1AD36D7A00B85B39 /* CFNetwork.framework */; };
		82C3810E1AD36D7F00B85B39 /* Security.framework in Frameworks */ = {isa = PBXBuildFile; fileRef = 82C3810D1AD36D7F00B85B39 /* Security.framework */; };
		82C381101AD36D8600B85B39 /* SystemConfiguration.framework in Frameworks */ = {isa = PBXBuildFile; fileRef = 82C3810F1AD36D8600B85B39 /* SystemConfiguration.framework */; };
		82C381121AD36D8D00B85B39 /* libsqlite3.dylib in Frameworks */ = {isa = PBXBuildFile; fileRef = 82C381111AD36D8D00B85B39 /* libsqlite3.dylib */; };
		82C381141AD36D9200B85B39 /* libz.dylib in Frameworks */ = {isa = PBXBuildFile; fileRef = 82C381131AD36D9200B85B39 /* libz.dylib */; };
		82C3811A1AD36E0400B85B39 /* Database.swift in Sources */ = {isa = PBXBuildFile; fileRef = 82C381191AD36E0400B85B39 /* Database.swift */; };
		82C3811C1AD3ADD000B85B39 /* CreateBlockViewController.swift in Sources */ = {isa = PBXBuildFile; fileRef = 82C3811B1AD3ADD000B85B39 /* CreateBlockViewController.swift */; };
		82C3811E1AD3AE9F00B85B39 /* CreateBlockView.swift in Sources */ = {isa = PBXBuildFile; fileRef = 82C3811D1AD3AE9F00B85B39 /* CreateBlockView.swift */; };
		82C381201AD3C2E600B85B39 /* CreateBlockPointTableViewController.swift in Sources */ = {isa = PBXBuildFile; fileRef = 82C3811F1AD3C2E600B85B39 /* CreateBlockPointTableViewController.swift */; };
		82C381221AD4A19700B85B39 /* CreateBlockPatchEditViewController.swift in Sources */ = {isa = PBXBuildFile; fileRef = 82C381211AD4A19700B85B39 /* CreateBlockPatchEditViewController.swift */; };
		82E9437F1ACBFC5100211608 /* QuiltViewController.swift in Sources */ = {isa = PBXBuildFile; fileRef = 82E9437E1ACBFC5100211608 /* QuiltViewController.swift */; };
		82E943811ACCC9E400211608 /* BlockViewController.swift in Sources */ = {isa = PBXBuildFile; fileRef = 82E943801ACCC9E400211608 /* BlockViewController.swift */; };
		82E943831ACCCA0A00211608 /* BlockView.swift in Sources */ = {isa = PBXBuildFile; fileRef = 82E943821ACCCA0A00211608 /* BlockView.swift */; };
		82ED3B691AD34FC90049EB87 /* quilt1.jpg in Resources */ = {isa = PBXBuildFile; fileRef = 82ED3B641AD34FC90049EB87 /* quilt1.jpg */; };
		82ED3B6A1AD34FC90049EB87 /* quilt2.jpg in Resources */ = {isa = PBXBuildFile; fileRef = 82ED3B651AD34FC90049EB87 /* quilt2.jpg */; };
		82ED3B6B1AD34FC90049EB87 /* quilt3.jpg in Resources */ = {isa = PBXBuildFile; fileRef = 82ED3B661AD34FC90049EB87 /* quilt3.jpg */; };
		82ED3B6C1AD34FC90049EB87 /* quilt4.jpg in Resources */ = {isa = PBXBuildFile; fileRef = 82ED3B671AD34FC90049EB87 /* quilt4.jpg */; };
		82ED3B6D1AD34FC90049EB87 /* quilt5.jpg in Resources */ = {isa = PBXBuildFile; fileRef = 82ED3B681AD34FC90049EB87 /* quilt5.jpg */; };
		82ED3B711AD352E50049EB87 /* fabrics in Resources */ = {isa = PBXBuildFile; fileRef = 82ED3B701AD352E50049EB87 /* fabrics */; };
		82FCF5A81ACE2127000FC779 /* FabricView.swift in Sources */ = {isa = PBXBuildFile; fileRef = 82FCF5A71ACE2127000FC779 /* FabricView.swift */; };
		82FCF5AA1ACE2134000FC779 /* FabricViewController.swift in Sources */ = {isa = PBXBuildFile; fileRef = 82FCF5A91ACE2134000FC779 /* FabricViewController.swift */; };
		82FCF5AC1ACE29D2000FC779 /* CollectionViewController.swift in Sources */ = {isa = PBXBuildFile; fileRef = 82FCF5AB1ACE29D2000FC779 /* CollectionViewController.swift */; };
		82FCF5AE1ACE2A88000FC779 /* CollectionViewCell.swift in Sources */ = {isa = PBXBuildFile; fileRef = 82FCF5AD1ACE2A88000FC779 /* CollectionViewCell.swift */; };
		82FCF5B11ACE3C4A000FC779 /* Main.storyboard in Resources */ = {isa = PBXBuildFile; fileRef = 82FCF5AF1ACE3C4A000FC779 /* Main.storyboard */; };
/* End PBXBuildFile section */

/* Begin PBXContainerItemProxy section */
		82455F671ACBA1F600973B40 /* PBXContainerItemProxy */ = {
			isa = PBXContainerItemProxy;
			containerPortal = 82455F491ACBA1F500973B40 /* Project object */;
			proxyType = 1;
			remoteGlobalIDString = 82455F501ACBA1F500973B40;
			remoteInfo = Quilt;
		};
/* End PBXContainerItemProxy section */

/* Begin PBXFileReference section */
		8222610C1AE0A2A80066DE17 /* BlockSelectViewController.swift */ = {isa = PBXFileReference; fileEncoding = 4; lastKnownFileType = sourcecode.swift; path = BlockSelectViewController.swift; sourceTree = "<group>"; };
		8222610E1AE1DEAE0066DE17 /* Global.swift */ = {isa = PBXFileReference; fileEncoding = 4; lastKnownFileType = sourcecode.swift; path = Global.swift; sourceTree = "<group>"; };
		823EE5F01AD8ABAA00DDC338 /* Scheme.swift */ = {isa = PBXFileReference; fileEncoding = 4; lastKnownFileType = sourcecode.swift; path = Scheme.swift; sourceTree = "<group>"; };
		823EE5F21AD8C36900DDC338 /* SchemeCollectionViewController.swift */ = {isa = PBXFileReference; fileEncoding = 4; lastKnownFileType = sourcecode.swift; path = SchemeCollectionViewController.swift; sourceTree = "<group>"; };
		8241C2E81AE4AAD200670527 /* DatabaseProtocol.swift */ = {isa = PBXFileReference; fileEncoding = 4; lastKnownFileType = sourcecode.swift; path = DatabaseProtocol.swift; sourceTree = "<group>"; };
		82455F511ACBA1F500973B40 /* Quilt.app */ = {isa = PBXFileReference; explicitFileType = wrapper.application; includeInIndex = 0; path = Quilt.app; sourceTree = BUILT_PRODUCTS_DIR; };
		82455F551ACBA1F500973B40 /* Info.plist */ = {isa = PBXFileReference; lastKnownFileType = text.plist.xml; path = Info.plist; sourceTree = "<group>"; };
		82455F561ACBA1F500973B40 /* AppDelegate.swift */ = {isa = PBXFileReference; lastKnownFileType = sourcecode.swift; path = AppDelegate.swift; sourceTree = "<group>"; };
		82455F581ACBA1F500973B40 /* ViewController.swift */ = {isa = PBXFileReference; lastKnownFileType = sourcecode.swift; path = ViewController.swift; sourceTree = "<group>"; };
		82455F5D1ACBA1F600973B40 /* Images.xcassets */ = {isa = PBXFileReference; lastKnownFileType = folder.assetcatalog; path = Images.xcassets; sourceTree = "<group>"; };
		82455F601ACBA1F600973B40 /* Base */ = {isa = PBXFileReference; lastKnownFileType = file.xib; name = Base; path = Base.lproj/LaunchScreen.xib; sourceTree = "<group>"; };
		82455F661ACBA1F600973B40 /* QuiltTests.xctest */ = {isa = PBXFileReference; explicitFileType = wrapper.cfbundle; includeInIndex = 0; path = QuiltTests.xctest; sourceTree = BUILT_PRODUCTS_DIR; };
		82455F6B1ACBA1F600973B40 /* Info.plist */ = {isa = PBXFileReference; lastKnownFileType = text.plist.xml; path = Info.plist; sourceTree = "<group>"; };
		82455F6C1ACBA1F600973B40 /* QuiltTests.swift */ = {isa = PBXFileReference; lastKnownFileType = sourcecode.swift; path = QuiltTests.swift; sourceTree = "<group>"; };
		82455F7A1ACBB97A00973B40 /* QuiltCollectionViewCell.swift */ = {isa = PBXFileReference; fileEncoding = 4; lastKnownFileType = sourcecode.swift; path = QuiltCollectionViewCell.swift; sourceTree = "<group>"; };
		82455F7C1ACBBAC600973B40 /* CollectionViewFlowLayout.swift */ = {isa = PBXFileReference; fileEncoding = 4; lastKnownFileType = sourcecode.swift; path = CollectionViewFlowLayout.swift; sourceTree = "<group>"; };
		825353C31ACE47EC00FEE2D9 /* blocks */ = {isa = PBXFileReference; lastKnownFileType = folder; name = blocks; path = images/blocks; sourceTree = "<group>"; };
		825353C51ACE500800FEE2D9 /* Quilt.swift */ = {isa = PBXFileReference; fileEncoding = 4; lastKnownFileType = sourcecode.swift; path = Quilt.swift; sourceTree = "<group>"; };
		825353C71ACE501400FEE2D9 /* Block.swift */ = {isa = PBXFileReference; fileEncoding = 4; lastKnownFileType = sourcecode.swift; path = Block.swift; sourceTree = "<group>"; };
		825353C91ACE502100FEE2D9 /* Fabric.swift */ = {isa = PBXFileReference; fileEncoding = 4; lastKnownFileType = sourcecode.swift; path = Fabric.swift; sourceTree = "<group>"; };
		82544D331AD4CB4A00CCA4B2 /* QuiltBlock.swift */ = {isa = PBXFileReference; fileEncoding = 4; lastKnownFileType = sourcecode.swift; path = QuiltBlock.swift; sourceTree = "<group>"; };
		82544D381AD4E05100CCA4B2 /* LoadViewController.swift */ = {isa = PBXFileReference; fileEncoding = 4; lastKnownFileType = sourcecode.swift; path = LoadViewController.swift; sourceTree = "<group>"; };
		82C381081AD36CF500B85B39 /* CouchbaseLite.framework */ = {isa = PBXFileReference; lastKnownFileType = wrapper.framework; path = CouchbaseLite.framework; sourceTree = "<group>"; };
		82C3810B1AD36D7A00B85B39 /* CFNetwork.framework */ = {isa = PBXFileReference; lastKnownFileType = wrapper.framework; name = CFNetwork.framework; path = System/Library/Frameworks/CFNetwork.framework; sourceTree = SDKROOT; };
		82C3810D1AD36D7F00B85B39 /* Security.framework */ = {isa = PBXFileReference; lastKnownFileType = wrapper.framework; name = Security.framework; path = System/Library/Frameworks/Security.framework; sourceTree = SDKROOT; };
		82C3810F1AD36D8600B85B39 /* SystemConfiguration.framework */ = {isa = PBXFileReference; lastKnownFileType = wrapper.framework; name = SystemConfiguration.framework; path = System/Library/Frameworks/SystemConfiguration.framework; sourceTree = SDKROOT; };
		82C381111AD36D8D00B85B39 /* libsqlite3.dylib */ = {isa = PBXFileReference; lastKnownFileType = "compiled.mach-o.dylib"; name = libsqlite3.dylib; path = usr/lib/libsqlite3.dylib; sourceTree = SDKROOT; };
		82C381131AD36D9200B85B39 /* libz.dylib */ = {isa = PBXFileReference; lastKnownFileType = "compiled.mach-o.dylib"; name = libz.dylib; path = usr/lib/libz.dylib; sourceTree = SDKROOT; };
		82C381161AD36DC600B85B39 /* Quilt-Bridging-Header.h */ = {isa = PBXFileReference; lastKnownFileType = sourcecode.c.h; name = "Quilt-Bridging-Header.h"; path = "Quilt/Quilt-Bridging-Header.h"; sourceTree = "<group>"; };
		82C381191AD36E0400B85B39 /* Database.swift */ = {isa = PBXFileReference; fileEncoding = 4; lastKnownFileType = sourcecode.swift; path = Database.swift; sourceTree = "<group>"; };
		82C3811B1AD3ADD000B85B39 /* CreateBlockViewController.swift */ = {isa = PBXFileReference; fileEncoding = 4; lastKnownFileType = sourcecode.swift; path = CreateBlockViewController.swift; sourceTree = "<group>"; };
		82C3811D1AD3AE9F00B85B39 /* CreateBlockView.swift */ = {isa = PBXFileReference; fileEncoding = 4; lastKnownFileType = sourcecode.swift; path = CreateBlockView.swift; sourceTree = "<group>"; };
		82C3811F1AD3C2E600B85B39 /* CreateBlockPointTableViewController.swift */ = {isa = PBXFileReference; fileEncoding = 4; lastKnownFileType = sourcecode.swift; path = CreateBlockPointTableViewController.swift; sourceTree = "<group>"; };
		82C381211AD4A19700B85B39 /* CreateBlockPatchEditViewController.swift */ = {isa = PBXFileReference; fileEncoding = 4; lastKnownFileType = sourcecode.swift; path = CreateBlockPatchEditViewController.swift; sourceTree = "<group>"; };
		82E9437E1ACBFC5100211608 /* QuiltViewController.swift */ = {isa = PBXFileReference; fileEncoding = 4; lastKnownFileType = sourcecode.swift; path = QuiltViewController.swift; sourceTree = "<group>"; };
		82E943801ACCC9E400211608 /* BlockViewController.swift */ = {isa = PBXFileReference; fileEncoding = 4; lastKnownFileType = sourcecode.swift; path = BlockViewController.swift; sourceTree = "<group>"; };
		82E943821ACCCA0A00211608 /* BlockView.swift */ = {isa = PBXFileReference; fileEncoding = 4; lastKnownFileType = sourcecode.swift; path = BlockView.swift; sourceTree = "<group>"; };
		82ED3B641AD34FC90049EB87 /* quilt1.jpg */ = {isa = PBXFileReference; lastKnownFileType = image.jpeg; path = quilt1.jpg; sourceTree = "<group>"; };
		82ED3B651AD34FC90049EB87 /* quilt2.jpg */ = {isa = PBXFileReference; lastKnownFileType = image.jpeg; path = quilt2.jpg; sourceTree = "<group>"; };
		82ED3B661AD34FC90049EB87 /* quilt3.jpg */ = {isa = PBXFileReference; lastKnownFileType = image.jpeg; path = quilt3.jpg; sourceTree = "<group>"; };
		82ED3B671AD34FC90049EB87 /* quilt4.jpg */ = {isa = PBXFileReference; lastKnownFileType = image.jpeg; path = quilt4.jpg; sourceTree = "<group>"; };
		82ED3B681AD34FC90049EB87 /* quilt5.jpg */ = {isa = PBXFileReference; lastKnownFileType = image.jpeg; path = quilt5.jpg; sourceTree = "<group>"; };
		82ED3B701AD352E50049EB87 /* fabrics */ = {isa = PBXFileReference; lastKnownFileType = folder; name = fabrics; path = images/fabrics; sourceTree = "<group>"; };
		82FCF5A71ACE2127000FC779 /* FabricView.swift */ = {isa = PBXFileReference; fileEncoding = 4; lastKnownFileType = sourcecode.swift; path = FabricView.swift; sourceTree = "<group>"; };
		82FCF5A91ACE2134000FC779 /* FabricViewController.swift */ = {isa = PBXFileReference; fileEncoding = 4; lastKnownFileType = sourcecode.swift; path = FabricViewController.swift; sourceTree = "<group>"; };
		82FCF5AB1ACE29D2000FC779 /* CollectionViewController.swift */ = {isa = PBXFileReference; fileEncoding = 4; lastKnownFileType = sourcecode.swift; path = CollectionViewController.swift; sourceTree = "<group>"; };
		82FCF5AD1ACE2A88000FC779 /* CollectionViewCell.swift */ = {isa = PBXFileReference; fileEncoding = 4; lastKnownFileType = sourcecode.swift; path = CollectionViewCell.swift; sourceTree = "<group>"; };
		82FCF5B01ACE3C4A000FC779 /* Base */ = {isa = PBXFileReference; lastKnownFileType = file.storyboard; name = Base; path = Base.lproj/Main.storyboard; sourceTree = "<group>"; };
/* End PBXFileReference section */

/* Begin PBXFrameworksBuildPhase section */
		82455F4E1ACBA1F500973B40 /* Frameworks */ = {
			isa = PBXFrameworksBuildPhase;
			buildActionMask = 2147483647;
			files = (
				82C381141AD36D9200B85B39 /* libz.dylib in Frameworks */,
				82C381121AD36D8D00B85B39 /* libsqlite3.dylib in Frameworks */,
				82C381101AD36D8600B85B39 /* SystemConfiguration.framework in Frameworks */,
				82C3810E1AD36D7F00B85B39 /* Security.framework in Frameworks */,
				82C3810C1AD36D7A00B85B39 /* CFNetwork.framework in Frameworks */,
				82C381091AD36CF500B85B39 /* CouchbaseLite.framework in Frameworks */,
			);
			runOnlyForDeploymentPostprocessing = 0;
		};
		82455F631ACBA1F600973B40 /* Frameworks */ = {
			isa = PBXFrameworksBuildPhase;
			buildActionMask = 2147483647;
			files = (
			);
			runOnlyForDeploymentPostprocessing = 0;
		};
/* End PBXFrameworksBuildPhase section */

/* Begin PBXGroup section */
		82455F481ACBA1F500973B40 = {
			isa = PBXGroup;
			children = (
				82455F531ACBA1F500973B40 /* Quilt */,
				82455F691ACBA1F600973B40 /* QuiltTests */,
				82C3810A1AD36CF700B85B39 /* Frameworks */,
				82455F521ACBA1F500973B40 /* Products */,
			);
			sourceTree = "<group>";
		};
		82455F521ACBA1F500973B40 /* Products */ = {
			isa = PBXGroup;
			children = (
				82455F511ACBA1F500973B40 /* Quilt.app */,
				82455F661ACBA1F600973B40 /* QuiltTests.xctest */,
			);
			name = Products;
			sourceTree = "<group>";
		};
		82455F531ACBA1F500973B40 /* Quilt */ = {
			isa = PBXGroup;
			children = (
				82455F561ACBA1F500973B40 /* AppDelegate.swift */,
				8222610E1AE1DEAE0066DE17 /* Global.swift */,
				82FCF5AF1ACE3C4A000FC779 /* Main.storyboard */,
				82C381191AD36E0400B85B39 /* Database.swift */,
				82455F581ACBA1F500973B40 /* ViewController.swift */,
				82455F7C1ACBBAC600973B40 /* CollectionViewFlowLayout.swift */,
				82FCF5AB1ACE29D2000FC779 /* CollectionViewController.swift */,
				82FCF5AD1ACE2A88000FC779 /* CollectionViewCell.swift */,
				82455F7A1ACBB97A00973B40 /* QuiltCollectionViewCell.swift */,
				82E9437E1ACBFC5100211608 /* QuiltViewController.swift */,
				8222610C1AE0A2A80066DE17 /* BlockSelectViewController.swift */,
				82E943801ACCC9E400211608 /* BlockViewController.swift */,
				82E943821ACCCA0A00211608 /* BlockView.swift */,
				82FCF5A91ACE2134000FC779 /* FabricViewController.swift */,
				823EE5F21AD8C36900DDC338 /* SchemeCollectionViewController.swift */,
				82FCF5A71ACE2127000FC779 /* FabricView.swift */,
				82C3811B1AD3ADD000B85B39 /* CreateBlockViewController.swift */,
				82C3811D1AD3AE9F00B85B39 /* CreateBlockView.swift */,
				82C3811F1AD3C2E600B85B39 /* CreateBlockPointTableViewController.swift */,
				82C381211AD4A19700B85B39 /* CreateBlockPatchEditViewController.swift */,
				82544D381AD4E05100CCA4B2 /* LoadViewController.swift */,
				825353CB1ACE505400FEE2D9 /* Model */,
				82FCF5A61ACE2059000FC779 /* Images */,
				82455F5D1ACBA1F600973B40 /* Images.xcassets */,
				82455F5F1ACBA1F600973B40 /* LaunchScreen.xib */,
				82455F541ACBA1F500973B40 /* Supporting Files */,
			);
			path = Quilt;
			sourceTree = "<group>";
		};
		82455F541ACBA1F500973B40 /* Supporting Files */ = {
			isa = PBXGroup;
			children = (
				82455F551ACBA1F500973B40 /* Info.plist */,
			);
			name = "Supporting Files";
			sourceTree = "<group>";
		};
		82455F691ACBA1F600973B40 /* QuiltTests */ = {
			isa = PBXGroup;
			children = (
				82455F6C1ACBA1F600973B40 /* QuiltTests.swift */,
				82455F6A1ACBA1F600973B40 /* Supporting Files */,
			);
			path = QuiltTests;
			sourceTree = "<group>";
		};
		82455F6A1ACBA1F600973B40 /* Supporting Files */ = {
			isa = PBXGroup;
			children = (
				82455F6B1ACBA1F600973B40 /* Info.plist */,
			);
			name = "Supporting Files";
			sourceTree = "<group>";
		};
		82455F7E1ACBC44400973B40 /* quiltImages */ = {
			isa = PBXGroup;
			children = (
				82ED3B641AD34FC90049EB87 /* quilt1.jpg */,
				82ED3B651AD34FC90049EB87 /* quilt2.jpg */,
				82ED3B661AD34FC90049EB87 /* quilt3.jpg */,
				82ED3B671AD34FC90049EB87 /* quilt4.jpg */,
				82ED3B681AD34FC90049EB87 /* quilt5.jpg */,
			);
			name = quiltImages;
			path = images;
			sourceTree = "<group>";
		};
		825353CB1ACE505400FEE2D9 /* Model */ = {
			isa = PBXGroup;
			children = (
				825353C51ACE500800FEE2D9 /* Quilt.swift */,
				8241C2E81AE4AAD200670527 /* DatabaseProtocol.swift */,
				82544D331AD4CB4A00CCA4B2 /* QuiltBlock.swift */,
				825353C71ACE501400FEE2D9 /* Block.swift */,
				825353C91ACE502100FEE2D9 /* Fabric.swift */,
				823EE5F01AD8ABAA00DDC338 /* Scheme.swift */,
			);
			name = Model;
			sourceTree = "<group>";
		};
		82C3810A1AD36CF700B85B39 /* Frameworks */ = {
			isa = PBXGroup;
			children = (
				82C381161AD36DC600B85B39 /* Quilt-Bridging-Header.h */,
				82C381131AD36D9200B85B39 /* libz.dylib */,
				82C381111AD36D8D00B85B39 /* libsqlite3.dylib */,
				82C3810F1AD36D8600B85B39 /* SystemConfiguration.framework */,
				82C3810D1AD36D7F00B85B39 /* Security.framework */,
				82C3810B1AD36D7A00B85B39 /* CFNetwork.framework */,
				82C381081AD36CF500B85B39 /* CouchbaseLite.framework */,
			);
			name = Frameworks;
			sourceTree = "<group>";
		};
		82FCF5A61ACE2059000FC779 /* Images */ = {
			isa = PBXGroup;
			children = (
				82ED3B701AD352E50049EB87 /* fabrics */,
				825353C31ACE47EC00FEE2D9 /* blocks */,
				82455F7E1ACBC44400973B40 /* quiltImages */,
			);
			name = Images;
			sourceTree = "<group>";
		};
/* End PBXGroup section */

/* Begin PBXNativeTarget section */
		82455F501ACBA1F500973B40 /* Quilt */ = {
			isa = PBXNativeTarget;
			buildConfigurationList = 82455F701ACBA1F600973B40 /* Build configuration list for PBXNativeTarget "Quilt" */;
			buildPhases = (
				82455F4D1ACBA1F500973B40 /* Sources */,
				82455F4E1ACBA1F500973B40 /* Frameworks */,
				82455F4F1ACBA1F500973B40 /* Resources */,
			);
			buildRules = (
			);
			dependencies = (
			);
			name = Quilt;
			productName = Quilt;
			productReference = 82455F511ACBA1F500973B40 /* Quilt.app */;
			productType = "com.apple.product-type.application";
		};
		82455F651ACBA1F600973B40 /* QuiltTests */ = {
			isa = PBXNativeTarget;
			buildConfigurationList = 82455F731ACBA1F600973B40 /* Build configuration list for PBXNativeTarget "QuiltTests" */;
			buildPhases = (
				82455F621ACBA1F600973B40 /* Sources */,
				82455F631ACBA1F600973B40 /* Frameworks */,
				82455F641ACBA1F600973B40 /* Resources */,
			);
			buildRules = (
			);
			dependencies = (
				82455F681ACBA1F600973B40 /* PBXTargetDependency */,
			);
			name = QuiltTests;
			productName = QuiltTests;
			productReference = 82455F661ACBA1F600973B40 /* QuiltTests.xctest */;
			productType = "com.apple.product-type.bundle.unit-test";
		};
/* End PBXNativeTarget section */

/* Begin PBXProject section */
		82455F491ACBA1F500973B40 /* Project object */ = {
			isa = PBXProject;
			attributes = {
				LastUpgradeCheck = 0620;
				ORGANIZATIONNAME = "Caroline Begbie";
				TargetAttributes = {
					82455F501ACBA1F500973B40 = {
						CreatedOnToolsVersion = 6.2;
					};
					82455F651ACBA1F600973B40 = {
						CreatedOnToolsVersion = 6.2;
						TestTargetID = 82455F501ACBA1F500973B40;
					};
				};
			};
			buildConfigurationList = 82455F4C1ACBA1F500973B40 /* Build configuration list for PBXProject "Quilt" */;
			compatibilityVersion = "Xcode 3.2";
			developmentRegion = English;
			hasScannedForEncodings = 0;
			knownRegions = (
				en,
				Base,
			);
			mainGroup = 82455F481ACBA1F500973B40;
			productRefGroup = 82455F521ACBA1F500973B40 /* Products */;
			projectDirPath = "";
			projectRoot = "";
			targets = (
				82455F501ACBA1F500973B40 /* Quilt */,
				82455F651ACBA1F600973B40 /* QuiltTests */,
			);
		};
/* End PBXProject section */

/* Begin PBXResourcesBuildPhase section */
		82455F4F1ACBA1F500973B40 /* Resources */ = {
			isa = PBXResourcesBuildPhase;
			buildActionMask = 2147483647;
			files = (
				825353C41ACE47EC00FEE2D9 /* blocks in Resources */,
				82ED3B6A1AD34FC90049EB87 /* quilt2.jpg in Resources */,
				82FCF5B11ACE3C4A000FC779 /* Main.storyboard in Resources */,
				82ED3B691AD34FC90049EB87 /* quilt1.jpg in Resources */,
				82ED3B6C1AD34FC90049EB87 /* quilt4.jpg in Resources */,
				82ED3B711AD352E50049EB87 /* fabrics in Resources */,
				82455F611ACBA1F600973B40 /* LaunchScreen.xib in Resources */,
				82ED3B6D1AD34FC90049EB87 /* quilt5.jpg in Resources */,
				82455F5E1ACBA1F600973B40 /* Images.xcassets in Resources */,
				82ED3B6B1AD34FC90049EB87 /* quilt3.jpg in Resources */,
			);
			runOnlyForDeploymentPostprocessing = 0;
		};
		82455F641ACBA1F600973B40 /* Resources */ = {
			isa = PBXResourcesBuildPhase;
			buildActionMask = 2147483647;
			files = (
			);
			runOnlyForDeploymentPostprocessing = 0;
		};
/* End PBXResourcesBuildPhase section */

/* Begin PBXSourcesBuildPhase section */
		82455F4D1ACBA1F500973B40 /* Sources */ = {
			isa = PBXSourcesBuildPhase;
			buildActionMask = 2147483647;
			files = (
				8241C2E91AE4AAD200670527 /* DatabaseProtocol.swift in Sources */,
				825353C61ACE500800FEE2D9 /* Quilt.swift in Sources */,
				82544D391AD4E05100CCA4B2 /* LoadViewController.swift in Sources */,
				825353C81ACE501400FEE2D9 /* Block.swift in Sources */,
				82E943831ACCCA0A00211608 /* BlockView.swift in Sources */,
				82455F7D1ACBBAC600973B40 /* CollectionViewFlowLayout.swift in Sources */,
				82C381201AD3C2E600B85B39 /* CreateBlockPointTableViewController.swift in Sources */,
				82C381221AD4A19700B85B39 /* CreateBlockPatchEditViewController.swift in Sources */,
				82FCF5AE1ACE2A88000FC779 /* CollectionViewCell.swift in Sources */,
				82C3811A1AD36E0400B85B39 /* Database.swift in Sources */,
				82455F591ACBA1F500973B40 /* ViewController.swift in Sources */,
				82FCF5AA1ACE2134000FC779 /* FabricViewController.swift in Sources */,
				825353CA1ACE502100FEE2D9 /* Fabric.swift in Sources */,
				82455F571ACBA1F500973B40 /* AppDelegate.swift in Sources */,
				823EE5F31AD8C36900DDC338 /* SchemeCollectionViewController.swift in Sources */,
				82FCF5A81ACE2127000FC779 /* FabricView.swift in Sources */,
				82E943811ACCC9E400211608 /* BlockViewController.swift in Sources */,
				823EE5F11AD8ABAA00DDC338 /* Scheme.swift in Sources */,
				82C3811C1AD3ADD000B85B39 /* CreateBlockViewController.swift in Sources */,
				82C3811E1AD3AE9F00B85B39 /* CreateBlockView.swift in Sources */,
				82E9437F1ACBFC5100211608 /* QuiltViewController.swift in Sources */,
				82544D341AD4CB4A00CCA4B2 /* QuiltBlock.swift in Sources */,
				82455F7B1ACBB97A00973B40 /* QuiltCollectionViewCell.swift in Sources */,
				8222610D1AE0A2A80066DE17 /* BlockSelectViewController.swift in Sources */,
				82FCF5AC1ACE29D2000FC779 /* CollectionViewController.swift in Sources */,
				8222610F1AE1DEAE0066DE17 /* Global.swift in Sources */,
			);
			runOnlyForDeploymentPostprocessing = 0;
		};
		82455F621ACBA1F600973B40 /* Sources */ = {
			isa = PBXSourcesBuildPhase;
			buildActionMask = 2147483647;
			files = (
				82455F6D1ACBA1F600973B40 /* QuiltTests.swift in Sources */,
			);
			runOnlyForDeploymentPostprocessing = 0;
		};
/* End PBXSourcesBuildPhase section */

/* Begin PBXTargetDependency section */
		82455F681ACBA1F600973B40 /* PBXTargetDependency */ = {
			isa = PBXTargetDependency;
			target = 82455F501ACBA1F500973B40 /* Quilt */;
			targetProxy = 82455F671ACBA1F600973B40 /* PBXContainerItemProxy */;
		};
/* End PBXTargetDependency section */

/* Begin PBXVariantGroup section */
		82455F5F1ACBA1F600973B40 /* LaunchScreen.xib */ = {
			isa = PBXVariantGroup;
			children = (
				82455F601ACBA1F600973B40 /* Base */,
			);
			name = LaunchScreen.xib;
			sourceTree = "<group>";
		};
		82FCF5AF1ACE3C4A000FC779 /* Main.storyboard */ = {
			isa = PBXVariantGroup;
			children = (
				82FCF5B01ACE3C4A000FC779 /* Base */,
			);
			name = Main.storyboard;
			sourceTree = "<group>";
		};
/* End PBXVariantGroup section */

/* Begin XCBuildConfiguration section */
		82455F6E1ACBA1F600973B40 /* Debug */ = {
			isa = XCBuildConfiguration;
			buildSettings = {
				ALWAYS_SEARCH_USER_PATHS = NO;
				CLANG_CXX_LANGUAGE_STANDARD = "gnu++0x";
				CLANG_CXX_LIBRARY = "libc++";
				CLANG_ENABLE_MODULES = YES;
				CLANG_ENABLE_OBJC_ARC = YES;
				CLANG_WARN_BOOL_CONVERSION = YES;
				CLANG_WARN_CONSTANT_CONVERSION = YES;
				CLANG_WARN_DIRECT_OBJC_ISA_USAGE = YES_ERROR;
				CLANG_WARN_EMPTY_BODY = YES;
				CLANG_WARN_ENUM_CONVERSION = YES;
				CLANG_WARN_INT_CONVERSION = YES;
				CLANG_WARN_OBJC_ROOT_CLASS = YES_ERROR;
				CLANG_WARN_UNREACHABLE_CODE = YES;
				CLANG_WARN__DUPLICATE_METHOD_MATCH = YES;
				"CODE_SIGN_IDENTITY[sdk=iphoneos*]" = "iPhone Developer";
				COPY_PHASE_STRIP = NO;
				ENABLE_STRICT_OBJC_MSGSEND = YES;
				GCC_C_LANGUAGE_STANDARD = gnu99;
				GCC_DYNAMIC_NO_PIC = NO;
				GCC_OPTIMIZATION_LEVEL = 0;
				GCC_PREPROCESSOR_DEFINITIONS = (
					"DEBUG=1",
					"$(inherited)",
				);
				GCC_SYMBOLS_PRIVATE_EXTERN = NO;
				GCC_WARN_64_TO_32_BIT_CONVERSION = YES;
				GCC_WARN_ABOUT_RETURN_TYPE = YES_ERROR;
				GCC_WARN_UNDECLARED_SELECTOR = YES;
				GCC_WARN_UNINITIALIZED_AUTOS = YES_AGGRESSIVE;
				GCC_WARN_UNUSED_FUNCTION = YES;
				GCC_WARN_UNUSED_VARIABLE = YES;
				IPHONEOS_DEPLOYMENT_TARGET = 7.0;
				MTL_ENABLE_DEBUG_INFO = YES;
				ONLY_ACTIVE_ARCH = YES;
				SDKROOT = iphoneos;
				SWIFT_OPTIMIZATION_LEVEL = "-Onone";
				TARGETED_DEVICE_FAMILY = "1,2";
			};
			name = Debug;
		};
		82455F6F1ACBA1F600973B40 /* Release */ = {
			isa = XCBuildConfiguration;
			buildSettings = {
				ALWAYS_SEARCH_USER_PATHS = NO;
				CLANG_CXX_LANGUAGE_STANDARD = "gnu++0x";
				CLANG_CXX_LIBRARY = "libc++";
				CLANG_ENABLE_MODULES = YES;
				CLANG_ENABLE_OBJC_ARC = YES;
				CLANG_WARN_BOOL_CONVERSION = YES;
				CLANG_WARN_CONSTANT_CONVERSION = YES;
				CLANG_WARN_DIRECT_OBJC_ISA_USAGE = YES_ERROR;
				CLANG_WARN_EMPTY_BODY = YES;
				CLANG_WARN_ENUM_CONVERSION = YES;
				CLANG_WARN_INT_CONVERSION = YES;
				CLANG_WARN_OBJC_ROOT_CLASS = YES_ERROR;
				CLANG_WARN_UNREACHABLE_CODE = YES;
				CLANG_WARN__DUPLICATE_METHOD_MATCH = YES;
				"CODE_SIGN_IDENTITY[sdk=iphoneos*]" = "iPhone Developer";
				COPY_PHASE_STRIP = NO;
				ENABLE_NS_ASSERTIONS = NO;
				ENABLE_STRICT_OBJC_MSGSEND = YES;
				GCC_C_LANGUAGE_STANDARD = gnu99;
				GCC_WARN_64_TO_32_BIT_CONVERSION = YES;
				GCC_WARN_ABOUT_RETURN_TYPE = YES_ERROR;
				GCC_WARN_UNDECLARED_SELECTOR = YES;
				GCC_WARN_UNINITIALIZED_AUTOS = YES_AGGRESSIVE;
				GCC_WARN_UNUSED_FUNCTION = YES;
				GCC_WARN_UNUSED_VARIABLE = YES;
				IPHONEOS_DEPLOYMENT_TARGET = 7.0;
				MTL_ENABLE_DEBUG_INFO = NO;
				SDKROOT = iphoneos;
				TARGETED_DEVICE_FAMILY = "1,2";
				VALIDATE_PRODUCT = YES;
			};
			name = Release;
		};
		82455F711ACBA1F600973B40 /* Debug */ = {
			isa = XCBuildConfiguration;
			buildSettings = {
				ASSETCATALOG_COMPILER_APPICON_NAME = AppIcon;
				CLANG_ENABLE_MODULES = YES;
				FRAMEWORK_SEARCH_PATHS = (
					"$(inherited)",
					"$(PROJECT_DIR)",
				);
				INFOPLIST_FILE = Quilt/Info.plist;
				IPHONEOS_DEPLOYMENT_TARGET = 7.1;
				LD_RUNPATH_SEARCH_PATHS = "$(inherited) @executable_path/Frameworks";
				"OTHER_LDFLAGS[arch=*]" = "-ObjC";
				PRODUCT_NAME = "$(TARGET_NAME)";
				SWIFT_OBJC_BRIDGING_HEADER = "Quilt/Quilt-Bridging-Header.h";
				SWIFT_OPTIMIZATION_LEVEL = "-Onone";
			};
			name = Debug;
		};
		82455F721ACBA1F600973B40 /* Release */ = {
			isa = XCBuildConfiguration;
			buildSettings = {
				ASSETCATALOG_COMPILER_APPICON_NAME = AppIcon;
				CLANG_ENABLE_MODULES = YES;
				FRAMEWORK_SEARCH_PATHS = (
					"$(inherited)",
					"$(PROJECT_DIR)",
				);
				INFOPLIST_FILE = Quilt/Info.plist;
				IPHONEOS_DEPLOYMENT_TARGET = 7.1;
				LD_RUNPATH_SEARCH_PATHS = "$(inherited) @executable_path/Frameworks";
				"OTHER_LDFLAGS[arch=*]" = "-ObjC";
				PRODUCT_NAME = "$(TARGET_NAME)";
				SWIFT_OBJC_BRIDGING_HEADER = "Quilt/Quilt-Bridging-Header.h";
			};
			name = Release;
		};
		82455F741ACBA1F600973B40 /* Debug */ = {
			isa = XCBuildConfiguration;
			buildSettings = {
				BUNDLE_LOADER = "$(TEST_HOST)";
				FRAMEWORK_SEARCH_PATHS = (
					"$(SDKROOT)/Developer/Library/Frameworks",
					"$(inherited)",
				);
				GCC_PREPROCESSOR_DEFINITIONS = (
					"DEBUG=1",
					"$(inherited)",
				);
				INFOPLIST_FILE = QuiltTests/Info.plist;
				LD_RUNPATH_SEARCH_PATHS = "$(inherited) @executable_path/Frameworks @loader_path/Frameworks";
				PRODUCT_NAME = "$(TARGET_NAME)";
				TEST_HOST = "$(BUILT_PRODUCTS_DIR)/Quilt.app/Quilt";
			};
			name = Debug;
		};
		82455F751ACBA1F600973B40 /* Release */ = {
			isa = XCBuildConfiguration;
			buildSettings = {
				BUNDLE_LOADER = "$(TEST_HOST)";
				FRAMEWORK_SEARCH_PATHS = (
					"$(SDKROOT)/Developer/Library/Frameworks",
					"$(inherited)",
				);
				INFOPLIST_FILE = QuiltTests/Info.plist;
				LD_RUNPATH_SEARCH_PATHS = "$(inherited) @executable_path/Frameworks @loader_path/Frameworks";
				PRODUCT_NAME = "$(TARGET_NAME)";
				TEST_HOST = "$(BUILT_PRODUCTS_DIR)/Quilt.app/Quilt";
			};
			name = Release;
		};
/* End XCBuildConfiguration section */

/* Begin XCConfigurationList section */
		82455F4C1ACBA1F500973B40 /* Build configuration list for PBXProject "Quilt" */ = {
			isa = XCConfigurationList;
			buildConfigurations = (
				82455F6E1ACBA1F600973B40 /* Debug */,
				82455F6F1ACBA1F600973B40 /* Release */,
			);
			defaultConfigurationIsVisible = 0;
			defaultConfigurationName = Release;
		};
		82455F701ACBA1F600973B40 /* Build configuration list for PBXNativeTarget "Quilt" */ = {
			isa = XCConfigurationList;
			buildConfigurations = (
				82455F711ACBA1F600973B40 /* Debug */,
				82455F721ACBA1F600973B40 /* Release */,
			);
			defaultConfigurationIsVisible = 0;
			defaultConfigurationName = Release;
		};
		82455F731ACBA1F600973B40 /* Build configuration list for PBXNativeTarget "QuiltTests" */ = {
			isa = XCConfigurationList;
			buildConfigurations = (
				82455F741ACBA1F600973B40 /* Debug */,
				82455F751ACBA1F600973B40 /* Release */,
			);
			defaultConfigurationIsVisible = 0;
			defaultConfigurationName = Release;
		};
/* End XCConfigurationList section */
	};
	rootObject = 82455F491ACBA1F500973B40 /* Project object */;
}
