// !$*UTF8*$!
{
	archiveVersion = 1;
	classes = {
	};
	objectVersion = 46;
	objects = {

/* Begin PBXBuildFile section */
		82455F571ACBA1F500973B40 /* AppDelegate.swift in Sources */ = {isa = PBXBuildFile; fileRef = 82455F561ACBA1F500973B40 /* AppDelegate.swift */; };
		82455F591ACBA1F500973B40 /* ViewController.swift in Sources */ = {isa = PBXBuildFile; fileRef = 82455F581ACBA1F500973B40 /* ViewController.swift */; };
		82455F5C1ACBA1F500973B40 /* Main.storyboard in Resources */ = {isa = PBXBuildFile; fileRef = 82455F5A1ACBA1F500973B40 /* Main.storyboard */; };
		82455F5E1ACBA1F600973B40 /* Images.xcassets in Resources */ = {isa = PBXBuildFile; fileRef = 82455F5D1ACBA1F600973B40 /* Images.xcassets */; };
		82455F611ACBA1F600973B40 /* LaunchScreen.xib in Resources */ = {isa = PBXBuildFile; fileRef = 82455F5F1ACBA1F600973B40 /* LaunchScreen.xib */; };
		82455F6D1ACBA1F600973B40 /* QuiltTests.swift in Sources */ = {isa = PBXBuildFile; fileRef = 82455F6C1ACBA1F600973B40 /* QuiltTests.swift */; };
		82455F771ACBA21300973B40 /* QuiltView.swift in Sources */ = {isa = PBXBuildFile; fileRef = 82455F761ACBA21300973B40 /* QuiltView.swift */; };
		82455F7B1ACBB97A00973B40 /* QuiltCollectionViewCell.swift in Sources */ = {isa = PBXBuildFile; fileRef = 82455F7A1ACBB97A00973B40 /* QuiltCollectionViewCell.swift */; };
		82455F7D1ACBBAC600973B40 /* CollectionViewFlowLayout.swift in Sources */ = {isa = PBXBuildFile; fileRef = 82455F7C1ACBBAC600973B40 /* CollectionViewFlowLayout.swift */; };
		82455F841ACBC44400973B40 /* quilt1.jpg in Resources */ = {isa = PBXBuildFile; fileRef = 82455F7F1ACBC44400973B40 /* quilt1.jpg */; };
		82455F851ACBC44400973B40 /* quilt2.jpg in Resources */ = {isa = PBXBuildFile; fileRef = 82455F801ACBC44400973B40 /* quilt2.jpg */; };
		82455F861ACBC44400973B40 /* quilt3.jpg in Resources */ = {isa = PBXBuildFile; fileRef = 82455F811ACBC44400973B40 /* quilt3.jpg */; };
		82455F871ACBC44400973B40 /* quilt4.jpg in Resources */ = {isa = PBXBuildFile; fileRef = 82455F821ACBC44400973B40 /* quilt4.jpg */; };
		82455F881ACBC44400973B40 /* quilt5.jpg in Resources */ = {isa = PBXBuildFile; fileRef = 82455F831ACBC44400973B40 /* quilt5.jpg */; };
		82E9437F1ACBFC5100211608 /* QuiltViewController.swift in Sources */ = {isa = PBXBuildFile; fileRef = 82E9437E1ACBFC5100211608 /* QuiltViewController.swift */; };
		82E943811ACCC9E400211608 /* BlockViewController.swift in Sources */ = {isa = PBXBuildFile; fileRef = 82E943801ACCC9E400211608 /* BlockViewController.swift */; };
		82E943831ACCCA0A00211608 /* BlockView.swift in Sources */ = {isa = PBXBuildFile; fileRef = 82E943821ACCCA0A00211608 /* BlockView.swift */; };
		82E943851ACCCAEA00211608 /* block1.jpg in Resources */ = {isa = PBXBuildFile; fileRef = 82E943841ACCCAEA00211608 /* block1.jpg */; };
		82FCF5A51ACE1ECA000FC779 /* fabrics in Resources */ = {isa = PBXBuildFile; fileRef = 82FCF5A41ACE1ECA000FC779 /* fabrics */; };
		82FCF5A81ACE2127000FC779 /* FabricView.swift in Sources */ = {isa = PBXBuildFile; fileRef = 82FCF5A71ACE2127000FC779 /* FabricView.swift */; };
		82FCF5AA1ACE2134000FC779 /* FabricViewController.swift in Sources */ = {isa = PBXBuildFile; fileRef = 82FCF5A91ACE2134000FC779 /* FabricViewController.swift */; };
/* End PBXBuildFile section */

/* Begin PBXContainerItemProxy section */
		82455F671ACBA1F600973B40 /* PBXContainerItemProxy */ = {
			isa = PBXContainerItemProxy;
			containerPortal = 82455F491ACBA1F500973B40 /* Project object */;
			proxyType = 1;
			remoteGlobalIDString = 82455F501ACBA1F500973B40;
			remoteInfo = Quilt;
		};
/* End PBXContainerItemProxy section */

/* Begin PBXFileReference section */
		82455F511ACBA1F500973B40 /* Quilt.app */ = {isa = PBXFileReference; explicitFileType = wrapper.application; includeInIndex = 0; path = Quilt.app; sourceTree = BUILT_PRODUCTS_DIR; };
		82455F551ACBA1F500973B40 /* Info.plist */ = {isa = PBXFileReference; lastKnownFileType = text.plist.xml; path = Info.plist; sourceTree = "<group>"; };
		82455F561ACBA1F500973B40 /* AppDelegate.swift */ = {isa = PBXFileReference; lastKnownFileType = sourcecode.swift; path = AppDelegate.swift; sourceTree = "<group>"; };
		82455F581ACBA1F500973B40 /* ViewController.swift */ = {isa = PBXFileReference; lastKnownFileType = sourcecode.swift; path = ViewController.swift; sourceTree = "<group>"; };
		82455F5B1ACBA1F500973B40 /* Base */ = {isa = PBXFileReference; lastKnownFileType = file.storyboard; name = Base; path = Base.lproj/Main.storyboard; sourceTree = "<group>"; };
		82455F5D1ACBA1F600973B40 /* Images.xcassets */ = {isa = PBXFileReference; lastKnownFileType = folder.assetcatalog; path = Images.xcassets; sourceTree = "<group>"; };
		82455F601ACBA1F600973B40 /* Base */ = {isa = PBXFileReference; lastKnownFileType = file.xib; name = Base; path = Base.lproj/LaunchScreen.xib; sourceTree = "<group>"; };
		82455F661ACBA1F600973B40 /* QuiltTests.xctest */ = {isa = PBXFileReference; explicitFileType = wrapper.cfbundle; includeInIndex = 0; path = QuiltTests.xctest; sourceTree = BUILT_PRODUCTS_DIR; };
		82455F6B1ACBA1F600973B40 /* Info.plist */ = {isa = PBXFileReference; lastKnownFileType = text.plist.xml; path = Info.plist; sourceTree = "<group>"; };
		82455F6C1ACBA1F600973B40 /* QuiltTests.swift */ = {isa = PBXFileReference; lastKnownFileType = sourcecode.swift; path = QuiltTests.swift; sourceTree = "<group>"; };
		82455F761ACBA21300973B40 /* QuiltView.swift */ = {isa = PBXFileReference; fileEncoding = 4; lastKnownFileType = sourcecode.swift; path = QuiltView.swift; sourceTree = "<group>"; };
		82455F7A1ACBB97A00973B40 /* QuiltCollectionViewCell.swift */ = {isa = PBXFileReference; fileEncoding = 4; lastKnownFileType = sourcecode.swift; path = QuiltCollectionViewCell.swift; sourceTree = "<group>"; };
		82455F7C1ACBBAC600973B40 /* CollectionViewFlowLayout.swift */ = {isa = PBXFileReference; fileEncoding = 4; lastKnownFileType = sourcecode.swift; path = CollectionViewFlowLayout.swift; sourceTree = "<group>"; };
		82455F7F1ACBC44400973B40 /* quilt1.jpg */ = {isa = PBXFileReference; lastKnownFileType = image.jpeg; path = quilt1.jpg; sourceTree = "<group>"; };
		82455F801ACBC44400973B40 /* quilt2.jpg */ = {isa = PBXFileReference; lastKnownFileType = image.jpeg; path = quilt2.jpg; sourceTree = "<group>"; };
		82455F811ACBC44400973B40 /* quilt3.jpg */ = {isa = PBXFileReference; lastKnownFileType = image.jpeg; path = quilt3.jpg; sourceTree = "<group>"; };
		82455F821ACBC44400973B40 /* quilt4.jpg */ = {isa = PBXFileReference; lastKnownFileType = image.jpeg; path = quilt4.jpg; sourceTree = "<group>"; };
		82455F831ACBC44400973B40 /* quilt5.jpg */ = {isa = PBXFileReference; lastKnownFileType = image.jpeg; path = quilt5.jpg; sourceTree = "<group>"; };
		82E9437E1ACBFC5100211608 /* QuiltViewController.swift */ = {isa = PBXFileReference; fileEncoding = 4; lastKnownFileType = sourcecode.swift; path = QuiltViewController.swift; sourceTree = "<group>"; };
		82E943801ACCC9E400211608 /* BlockViewController.swift */ = {isa = PBXFileReference; fileEncoding = 4; lastKnownFileType = sourcecode.swift; path = BlockViewController.swift; sourceTree = "<group>"; };
		82E943821ACCCA0A00211608 /* BlockView.swift */ = {isa = PBXFileReference; fileEncoding = 4; lastKnownFileType = sourcecode.swift; path = BlockView.swift; sourceTree = "<group>"; };
		82E943841ACCCAEA00211608 /* block1.jpg */ = {isa = PBXFileReference; lastKnownFileType = image.jpeg; path = block1.jpg; sourceTree = "<group>"; };
		82FCF5A41ACE1ECA000FC779 /* fabrics */ = {isa = PBXFileReference; lastKnownFileType = folder; name = fabrics; path = images/fabrics; sourceTree = "<group>"; };
		82FCF5A71ACE2127000FC779 /* FabricView.swift */ = {isa = PBXFileReference; fileEncoding = 4; lastKnownFileType = sourcecode.swift; path = FabricView.swift; sourceTree = "<group>"; };
		82FCF5A91ACE2134000FC779 /* FabricViewController.swift */ = {isa = PBXFileReference; fileEncoding = 4; lastKnownFileType = sourcecode.swift; path = FabricViewController.swift; sourceTree = "<group>"; };
/* End PBXFileReference section */

/* Begin PBXFrameworksBuildPhase section */
		82455F4E1ACBA1F500973B40 /* Frameworks */ = {
			isa = PBXFrameworksBuildPhase;
			buildActionMask = 2147483647;
			files = (
			);
			runOnlyForDeploymentPostprocessing = 0;
		};
		82455F631ACBA1F600973B40 /* Frameworks */ = {
			isa = PBXFrameworksBuildPhase;
			buildActionMask = 2147483647;
			files = (
			);
			runOnlyForDeploymentPostprocessing = 0;
		};
/* End PBXFrameworksBuildPhase section */

/* Begin PBXGroup section */
		82455F481ACBA1F500973B40 = {
			isa = PBXGroup;
			children = (
				82455F531ACBA1F500973B40 /* Quilt */,
				82455F691ACBA1F600973B40 /* QuiltTests */,
				82455F521ACBA1F500973B40 /* Products */,
			);
			sourceTree = "<group>";
		};
		82455F521ACBA1F500973B40 /* Products */ = {
			isa = PBXGroup;
			children = (
				82455F511ACBA1F500973B40 /* Quilt.app */,
				82455F661ACBA1F600973B40 /* QuiltTests.xctest */,
			);
			name = Products;
			sourceTree = "<group>";
		};
		82455F531ACBA1F500973B40 /* Quilt */ = {
			isa = PBXGroup;
			children = (
				82455F561ACBA1F500973B40 /* AppDelegate.swift */,
				82455F581ACBA1F500973B40 /* ViewController.swift */,
				82455F7C1ACBBAC600973B40 /* CollectionViewFlowLayout.swift */,
				82455F7A1ACBB97A00973B40 /* QuiltCollectionViewCell.swift */,
				82E9437E1ACBFC5100211608 /* QuiltViewController.swift */,
				82455F761ACBA21300973B40 /* QuiltView.swift */,
				82E943801ACCC9E400211608 /* BlockViewController.swift */,
				82E943821ACCCA0A00211608 /* BlockView.swift */,
				82FCF5A91ACE2134000FC779 /* FabricViewController.swift */,
				82FCF5A71ACE2127000FC779 /* FabricView.swift */,
				82455F5A1ACBA1F500973B40 /* Main.storyboard */,
				82FCF5A61ACE2059000FC779 /* Images */,
				82455F5D1ACBA1F600973B40 /* Images.xcassets */,
				82455F5F1ACBA1F600973B40 /* LaunchScreen.xib */,
				82455F541ACBA1F500973B40 /* Supporting Files */,
			);
			path = Quilt;
			sourceTree = "<group>";
		};
		82455F541ACBA1F500973B40 /* Supporting Files */ = {
			isa = PBXGroup;
			children = (
				82455F551ACBA1F500973B40 /* Info.plist */,
			);
			name = "Supporting Files";
			sourceTree = "<group>";
		};
		82455F691ACBA1F600973B40 /* QuiltTests */ = {
			isa = PBXGroup;
			children = (
				82455F6C1ACBA1F600973B40 /* QuiltTests.swift */,
				82455F6A1ACBA1F600973B40 /* Supporting Files */,
			);
			path = QuiltTests;
			sourceTree = "<group>";
		};
		82455F6A1ACBA1F600973B40 /* Supporting Files */ = {
			isa = PBXGroup;
			children = (
				82455F6B1ACBA1F600973B40 /* Info.plist */,
			);
			name = "Supporting Files";
			sourceTree = "<group>";
		};
		82455F7E1ACBC44400973B40 /* quiltImages */ = {
			isa = PBXGroup;
			children = (
				82455F7F1ACBC44400973B40 /* quilt1.jpg */,
				82455F801ACBC44400973B40 /* quilt2.jpg */,
				82455F811ACBC44400973B40 /* quilt3.jpg */,
				82455F821ACBC44400973B40 /* quilt4.jpg */,
				82455F831ACBC44400973B40 /* quilt5.jpg */,
				82E943841ACCCAEA00211608 /* block1.jpg */,
			);
			name = quiltImages;
			path = images;
			sourceTree = "<group>";
		};
		82FCF5A61ACE2059000FC779 /* Images */ = {
			isa = PBXGroup;
			children = (
				82FCF5A41ACE1ECA000FC779 /* fabrics */,
				82455F7E1ACBC44400973B40 /* quiltImages */,
			);
			name = Images;
			sourceTree = "<group>";
		};
/* End PBXGroup section */

/* Begin PBXNativeTarget section */
		82455F501ACBA1F500973B40 /* Quilt */ = {
			isa = PBXNativeTarget;
			buildConfigurationList = 82455F701ACBA1F600973B40 /* Build configuration list for PBXNativeTarget "Quilt" */;
			buildPhases = (
				82455F4D1ACBA1F500973B40 /* Sources */,
				82455F4E1ACBA1F500973B40 /* Frameworks */,
				82455F4F1ACBA1F500973B40 /* Resources */,
			);
			buildRules = (
			);
			dependencies = (
			);
			name = Quilt;
			productName = Quilt;
			productReference = 82455F511ACBA1F500973B40 /* Quilt.app */;
			productType = "com.apple.product-type.application";
		};
		82455F651ACBA1F600973B40 /* QuiltTests */ = {
			isa = PBXNativeTarget;
			buildConfigurationList = 82455F731ACBA1F600973B40 /* Build configuration list for PBXNativeTarget "QuiltTests" */;
			buildPhases = (
				82455F621ACBA1F600973B40 /* Sources */,
				82455F631ACBA1F600973B40 /* Frameworks */,
				82455F641ACBA1F600973B40 /* Resources */,
			);
			buildRules = (
			);
			dependencies = (
				82455F681ACBA1F600973B40 /* PBXTargetDependency */,
			);
			name = QuiltTests;
			productName = QuiltTests;
			productReference = 82455F661ACBA1F600973B40 /* QuiltTests.xctest */;
			productType = "com.apple.product-type.bundle.unit-test";
		};
/* End PBXNativeTarget section */

/* Begin PBXProject section */
		82455F491ACBA1F500973B40 /* Project object */ = {
			isa = PBXProject;
			attributes = {
				LastUpgradeCheck = 0620;
				ORGANIZATIONNAME = "Caroline Begbie";
				TargetAttributes = {
					82455F501ACBA1F500973B40 = {
						CreatedOnToolsVersion = 6.2;
					};
					82455F651ACBA1F600973B40 = {
						CreatedOnToolsVersion = 6.2;
						TestTargetID = 82455F501ACBA1F500973B40;
					};
				};
			};
			buildConfigurationList = 82455F4C1ACBA1F500973B40 /* Build configuration list for PBXProject "Quilt" */;
			compatibilityVersion = "Xcode 3.2";
			developmentRegion = English;
			hasScannedForEncodings = 0;
			knownRegions = (
				en,
				Base,
			);
			mainGroup = 82455F481ACBA1F500973B40;
			productRefGroup = 82455F521ACBA1F500973B40 /* Products */;
			projectDirPath = "";
			projectRoot = "";
			targets = (
				82455F501ACBA1F500973B40 /* Quilt */,
				82455F651ACBA1F600973B40 /* QuiltTests */,
			);
		};
/* End PBXProject section */

/* Begin PBXResourcesBuildPhase section */
		82455F4F1ACBA1F500973B40 /* Resources */ = {
			isa = PBXResourcesBuildPhase;
			buildActionMask = 2147483647;
			files = (
				82455F5C1ACBA1F500973B40 /* Main.storyboard in Resources */,
				82455F861ACBC44400973B40 /* quilt3.jpg in Resources */,
				82455F841ACBC44400973B40 /* quilt1.jpg in Resources */,
				82455F611ACBA1F600973B40 /* LaunchScreen.xib in Resources */,
				82E943851ACCCAEA00211608 /* block1.jpg in Resources */,
				82FCF5A51ACE1ECA000FC779 /* fabrics in Resources */,
				82455F851ACBC44400973B40 /* quilt2.jpg in Resources */,
				82455F881ACBC44400973B40 /* quilt5.jpg in Resources */,
				82455F5E1ACBA1F600973B40 /* Images.xcassets in Resources */,
				82455F871ACBC44400973B40 /* quilt4.jpg in Resources */,
			);
			runOnlyForDeploymentPostprocessing = 0;
		};
		82455F641ACBA1F600973B40 /* Resources */ = {
			isa = PBXResourcesBuildPhase;
			buildActionMask = 2147483647;
			files = (
			);
			runOnlyForDeploymentPostprocessing = 0;
		};
/* End PBXResourcesBuildPhase section */

/* Begin PBXSourcesBuildPhase section */
		82455F4D1ACBA1F500973B40 /* Sources */ = {
			isa = PBXSourcesBuildPhase;
			buildActionMask = 2147483647;
			files = (
				82E943831ACCCA0A00211608 /* BlockView.swift in Sources */,
				82455F7D1ACBBAC600973B40 /* CollectionViewFlowLayout.swift in Sources */,
				82455F591ACBA1F500973B40 /* ViewController.swift in Sources */,
				82FCF5AA1ACE2134000FC779 /* FabricViewController.swift in Sources */,
				82455F571ACBA1F500973B40 /* AppDelegate.swift in Sources */,
				82FCF5A81ACE2127000FC779 /* FabricView.swift in Sources */,
				82E943811ACCC9E400211608 /* BlockViewController.swift in Sources */,
				82455F771ACBA21300973B40 /* QuiltView.swift in Sources */,
				82E9437F1ACBFC5100211608 /* QuiltViewController.swift in Sources */,
				82455F7B1ACBB97A00973B40 /* QuiltCollectionViewCell.swift in Sources */,
			);
			runOnlyForDeploymentPostprocessing = 0;
		};
		82455F621ACBA1F600973B40 /* Sources */ = {
			isa = PBXSourcesBuildPhase;
			buildActionMask = 2147483647;
			files = (
				82455F6D1ACBA1F600973B40 /* QuiltTests.swift in Sources */,
			);
			runOnlyForDeploymentPostprocessing = 0;
		};
/* End PBXSourcesBuildPhase section */

/* Begin PBXTargetDependency section */
		82455F681ACBA1F600973B40 /* PBXTargetDependency */ = {
			isa = PBXTargetDependency;
			target = 82455F501ACBA1F500973B40 /* Quilt */;
			targetProxy = 82455F671ACBA1F600973B40 /* PBXContainerItemProxy */;
		};
/* End PBXTargetDependency section */

/* Begin PBXVariantGroup section */
		82455F5A1ACBA1F500973B40 /* Main.storyboard */ = {
			isa = PBXVariantGroup;
			children = (
				82455F5B1ACBA1F500973B40 /* Base */,
			);
			name = Main.storyboard;
			sourceTree = "<group>";
		};
		82455F5F1ACBA1F600973B40 /* LaunchScreen.xib */ = {
			isa = PBXVariantGroup;
			children = (
				82455F601ACBA1F600973B40 /* Base */,
			);
			name = LaunchScreen.xib;
			sourceTree = "<group>";
		};
/* End PBXVariantGroup section */

/* Begin XCBuildConfiguration section */
		82455F6E1ACBA1F600973B40 /* Debug */ = {
			isa = XCBuildConfiguration;
			buildSettings = {
				ALWAYS_SEARCH_USER_PATHS = NO;
				CLANG_CXX_LANGUAGE_STANDARD = "gnu++0x";
				CLANG_CXX_LIBRARY = "libc++";
				CLANG_ENABLE_MODULES = YES;
				CLANG_ENABLE_OBJC_ARC = YES;
				CLANG_WARN_BOOL_CONVERSION = YES;
				CLANG_WARN_CONSTANT_CONVERSION = YES;
				CLANG_WARN_DIRECT_OBJC_ISA_USAGE = YES_ERROR;
				CLANG_WARN_EMPTY_BODY = YES;
				CLANG_WARN_ENUM_CONVERSION = YES;
				CLANG_WARN_INT_CONVERSION = YES;
				CLANG_WARN_OBJC_ROOT_CLASS = YES_ERROR;
				CLANG_WARN_UNREACHABLE_CODE = YES;
				CLANG_WARN__DUPLICATE_METHOD_MATCH = YES;
				"CODE_SIGN_IDENTITY[sdk=iphoneos*]" = "iPhone Developer";
				COPY_PHASE_STRIP = NO;
				ENABLE_STRICT_OBJC_MSGSEND = YES;
				GCC_C_LANGUAGE_STANDARD = gnu99;
				GCC_DYNAMIC_NO_PIC = NO;
				GCC_OPTIMIZATION_LEVEL = 0;
				GCC_PREPROCESSOR_DEFINITIONS = (
					"DEBUG=1",
					"$(inherited)",
				);
				GCC_SYMBOLS_PRIVATE_EXTERN = NO;
				GCC_WARN_64_TO_32_BIT_CONVERSION = YES;
				GCC_WARN_ABOUT_RETURN_TYPE = YES_ERROR;
				GCC_WARN_UNDECLARED_SELECTOR = YES;
				GCC_WARN_UNINITIALIZED_AUTOS = YES_AGGRESSIVE;
				GCC_WARN_UNUSED_FUNCTION = YES;
				GCC_WARN_UNUSED_VARIABLE = YES;
				IPHONEOS_DEPLOYMENT_TARGET = 8.2;
				MTL_ENABLE_DEBUG_INFO = YES;
				ONLY_ACTIVE_ARCH = YES;
				SDKROOT = iphoneos;
				SWIFT_OPTIMIZATION_LEVEL = "-Onone";
				TARGETED_DEVICE_FAMILY = "1,2";
			};
			name = Debug;
		};
		82455F6F1ACBA1F600973B40 /* Release */ = {
			isa = XCBuildConfiguration;
			buildSettings = {
				ALWAYS_SEARCH_USER_PATHS = NO;
				CLANG_CXX_LANGUAGE_STANDARD = "gnu++0x";
				CLANG_CXX_LIBRARY = "libc++";
				CLANG_ENABLE_MODULES = YES;
				CLANG_ENABLE_OBJC_ARC = YES;
				CLANG_WARN_BOOL_CONVERSION = YES;
				CLANG_WARN_CONSTANT_CONVERSION = YES;
				CLANG_WARN_DIRECT_OBJC_ISA_USAGE = YES_ERROR;
				CLANG_WARN_EMPTY_BODY = YES;
				CLANG_WARN_ENUM_CONVERSION = YES;
				CLANG_WARN_INT_CONVERSION = YES;
				CLANG_WARN_OBJC_ROOT_CLASS = YES_ERROR;
				CLANG_WARN_UNREACHABLE_CODE = YES;
				CLANG_WARN__DUPLICATE_METHOD_MATCH = YES;
				"CODE_SIGN_IDENTITY[sdk=iphoneos*]" = "iPhone Developer";
				COPY_PHASE_STRIP = NO;
				ENABLE_NS_ASSERTIONS = NO;
				ENABLE_STRICT_OBJC_MSGSEND = YES;
				GCC_C_LANGUAGE_STANDARD = gnu99;
				GCC_WARN_64_TO_32_BIT_CONVERSION = YES;
				GCC_WARN_ABOUT_RETURN_TYPE = YES_ERROR;
				GCC_WARN_UNDECLARED_SELECTOR = YES;
				GCC_WARN_UNINITIALIZED_AUTOS = YES_AGGRESSIVE;
				GCC_WARN_UNUSED_FUNCTION = YES;
				GCC_WARN_UNUSED_VARIABLE = YES;
				IPHONEOS_DEPLOYMENT_TARGET = 8.2;
				MTL_ENABLE_DEBUG_INFO = NO;
				SDKROOT = iphoneos;
				TARGETED_DEVICE_FAMILY = "1,2";
				VALIDATE_PRODUCT = YES;
			};
			name = Release;
		};
		82455F711ACBA1F600973B40 /* Debug */ = {
			isa = XCBuildConfiguration;
			buildSettings = {
				ASSETCATALOG_COMPILER_APPICON_NAME = AppIcon;
				INFOPLIST_FILE = Quilt/Info.plist;
				IPHONEOS_DEPLOYMENT_TARGET = 7.1;
				LD_RUNPATH_SEARCH_PATHS = "$(inherited) @executable_path/Frameworks";
				PRODUCT_NAME = "$(TARGET_NAME)";
			};
			name = Debug;
		};
		82455F721ACBA1F600973B40 /* Release */ = {
			isa = XCBuildConfiguration;
			buildSettings = {
				ASSETCATALOG_COMPILER_APPICON_NAME = AppIcon;
				INFOPLIST_FILE = Quilt/Info.plist;
				IPHONEOS_DEPLOYMENT_TARGET = 7.1;
				LD_RUNPATH_SEARCH_PATHS = "$(inherited) @executable_path/Frameworks";
				PRODUCT_NAME = "$(TARGET_NAME)";
			};
			name = Release;
		};
		82455F741ACBA1F600973B40 /* Debug */ = {
			isa = XCBuildConfiguration;
			buildSettings = {
				BUNDLE_LOADER = "$(TEST_HOST)";
				FRAMEWORK_SEARCH_PATHS = (
					"$(SDKROOT)/Developer/Library/Frameworks",
					"$(inherited)",
				);
				GCC_PREPROCESSOR_DEFINITIONS = (
					"DEBUG=1",
					"$(inherited)",
				);
				INFOPLIST_FILE = QuiltTests/Info.plist;
				LD_RUNPATH_SEARCH_PATHS = "$(inherited) @executable_path/Frameworks @loader_path/Frameworks";
				PRODUCT_NAME = "$(TARGET_NAME)";
				TEST_HOST = "$(BUILT_PRODUCTS_DIR)/Quilt.app/Quilt";
			};
			name = Debug;
		};
		82455F751ACBA1F600973B40 /* Release */ = {
			isa = XCBuildConfiguration;
			buildSettings = {
				BUNDLE_LOADER = "$(TEST_HOST)";
				FRAMEWORK_SEARCH_PATHS = (
					"$(SDKROOT)/Developer/Library/Frameworks",
					"$(inherited)",
				);
				INFOPLIST_FILE = QuiltTests/Info.plist;
				LD_RUNPATH_SEARCH_PATHS = "$(inherited) @executable_path/Frameworks @loader_path/Frameworks";
				PRODUCT_NAME = "$(TARGET_NAME)";
				TEST_HOST = "$(BUILT_PRODUCTS_DIR)/Quilt.app/Quilt";
			};
			name = Release;
		};
/* End XCBuildConfiguration section */

/* Begin XCConfigurationList section */
		82455F4C1ACBA1F500973B40 /* Build configuration list for PBXProject "Quilt" */ = {
			isa = XCConfigurationList;
			buildConfigurations = (
				82455F6E1ACBA1F600973B40 /* Debug */,
				82455F6F1ACBA1F600973B40 /* Release */,
			);
			defaultConfigurationIsVisible = 0;
			defaultConfigurationName = Release;
		};
		82455F701ACBA1F600973B40 /* Build configuration list for PBXNativeTarget "Quilt" */ = {
			isa = XCConfigurationList;
			buildConfigurations = (
				82455F711ACBA1F600973B40 /* Debug */,
				82455F721ACBA1F600973B40 /* Release */,
			);
			defaultConfigurationIsVisible = 0;
			defaultConfigurationName = Release;
		};
		82455F731ACBA1F600973B40 /* Build configuration list for PBXNativeTarget "QuiltTests" */ = {
			isa = XCConfigurationList;
			buildConfigurations = (
				82455F741ACBA1F600973B40 /* Debug */,
				82455F751ACBA1F600973B40 /* Release */,
			);
			defaultConfigurationIsVisible = 0;
			defaultConfigurationName = Release;
		};
/* End XCConfigurationList section */
	};
	rootObject = 82455F491ACBA1F500973B40 /* Project object */;
}
